
Microsoft Visual Studio Solution File, Format Version 12.00
# Visual Studio Version 17
VisualStudioVersion = 17.7.34221.43
MinimumVisualStudioVersion = 10.0.40219.1
Project("{FAE04EC0-301F-11D3-BF4B-00C04F79EFBC}") = "ChatApplication", "ChatApplication\ChatApplication.csproj", "{7DD8114E-4506-459F-B07A-7B82E109FF86}"
EndProject
Global
	GlobalSection(SolutionConfigurationPlatforms) = preSolution
		Debug|Any CPU = Debug|Any CPU
		Release|Any CPU = Release|Any CPU
	EndGlobalSection
	GlobalSection(ProjectConfigurationPlatforms) = postSolution
		{7DD8114E-4506-459F-B07A-7B82E109FF86}.Debug|Any CPU.ActiveCfg = Debug|Any CPU
		{7DD8114E-4506-459F-B07A-7B82E109FF86}.Debug|Any CPU.Build.0 = Debug|Any CPU
		{7DD8114E-4506-459F-B07A-7B82E109FF86}.Release|Any CPU.ActiveCfg = Release|Any CPU
		{7DD8114E-4506-459F-B07A-7B82E109FF86}.Release|Any CPU.Build.0 = Release|Any CPU
	EndGlobalSection
	GlobalSection(SolutionProperties) = preSolution
		HideSolutionNode = FALSE
	EndGlobalSection
	GlobalSection(ExtensibilityGlobals) = postSolution
		SolutionGuid = {46D3919C-F92D-4D3F-8415-BCEE405C87A2}
	EndGlobalSection
EndGlobal
